// !$*UTF8*$!
{
	archiveVersion = 1;
	classes = {
	};
	objectVersion = 50;
	objects = {

/* Begin PBXBuildFile section */
		04611BC925BE33E900D7EA6A /* AppDelegate.swift in Sources */ = {isa = PBXBuildFile; fileRef = 04611BC825BE33E900D7EA6A /* AppDelegate.swift */; };
		04611BCB25BE33E900D7EA6A /* SceneDelegate.swift in Sources */ = {isa = PBXBuildFile; fileRef = 04611BCA25BE33E900D7EA6A /* SceneDelegate.swift */; };
		04611BCD25BE33E900D7EA6A /* ViewController.swift in Sources */ = {isa = PBXBuildFile; fileRef = 04611BCC25BE33E900D7EA6A /* ViewController.swift */; };
		04611BD025BE33E900D7EA6A /* Main.storyboard in Resources */ = {isa = PBXBuildFile; fileRef = 04611BCE25BE33E900D7EA6A /* Main.storyboard */; };
		04611BD225BE33EE00D7EA6A /* Assets.xcassets in Resources */ = {isa = PBXBuildFile; fileRef = 04611BD125BE33EE00D7EA6A /* Assets.xcassets */; };
		04611BD525BE33EE00D7EA6A /* LaunchScreen.storyboard in Resources */ = {isa = PBXBuildFile; fileRef = 04611BD325BE33EE00D7EA6A /* LaunchScreen.storyboard */; };
		04611BDE25BE3F4800D7EA6A /* Resnet50.mlmodel in Sources */ = {isa = PBXBuildFile; fileRef = 04611BDD25BE3F4800D7EA6A /* Resnet50.mlmodel */; };
/* End PBXBuildFile section */

/* Begin PBXFileReference section */
		04611BC525BE33E900D7EA6A /* PhotoDetector.app */ = {isa = PBXFileReference; explicitFileType = wrapper.application; includeInIndex = 0; path = PhotoDetector.app; sourceTree = BUILT_PRODUCTS_DIR; };
		04611BC825BE33E900D7EA6A /* AppDelegate.swift */ = {isa = PBXFileReference; lastKnownFileType = sourcecode.swift; path = AppDelegate.swift; sourceTree = "<group>"; };
		04611BCA25BE33E900D7EA6A /* SceneDelegate.swift */ = {isa = PBXFileReference; lastKnownFileType = sourcecode.swift; path = SceneDelegate.swift; sourceTree = "<group>"; };
		04611BCC25BE33E900D7EA6A /* ViewController.swift */ = {isa = PBXFileReference; lastKnownFileType = sourcecode.swift; path = ViewController.swift; sourceTree = "<group>"; };
		04611BCF25BE33E900D7EA6A /* Base */ = {isa = PBXFileReference; lastKnownFileType = file.storyboard; name = Base; path = Base.lproj/Main.storyboard; sourceTree = "<group>"; };
		04611BD125BE33EE00D7EA6A /* Assets.xcassets */ = {isa = PBXFileReference; lastKnownFileType = folder.assetcatalog; path = Assets.xcassets; sourceTree = "<group>"; };
		04611BD425BE33EE00D7EA6A /* Base */ = {isa = PBXFileReference; lastKnownFileType = file.storyboard; name = Base; path = Base.lproj/LaunchScreen.storyboard; sourceTree = "<group>"; };
		04611BD625BE33EE00D7EA6A /* Info.plist */ = {isa = PBXFileReference; lastKnownFileType = text.plist.xml; path = Info.plist; sourceTree = "<group>"; };
		04611BDD25BE3F4800D7EA6A /* Resnet50.mlmodel */ = {isa = PBXFileReference; lastKnownFileType = file.mlmodel; path = Resnet50.mlmodel; sourceTree = "<group>"; };
/* End PBXFileReference section */

/* Begin PBXFrameworksBuildPhase section */
		04611BC225BE33E900D7EA6A /* Frameworks */ = {
			isa = PBXFrameworksBuildPhase;
			buildActionMask = 2147483647;
			files = (
			);
			runOnlyForDeploymentPostprocessing = 0;
		};
/* End PBXFrameworksBuildPhase section */

/* Begin PBXGroup section */
		04611BBC25BE33E900D7EA6A = {
			isa = PBXGroup;
			children = (
				04611BC725BE33E900D7EA6A /* PhotoDetector */,
				04611BC625BE33E900D7EA6A /* Products */,
			);
			sourceTree = "<group>";
		};
		04611BC625BE33E900D7EA6A /* Products */ = {
			isa = PBXGroup;
			children = (
				04611BC525BE33E900D7EA6A /* PhotoDetector.app */,
			);
			name = Products;
			sourceTree = "<group>";
		};
		04611BC725BE33E900D7EA6A /* PhotoDetector */ = {
			isa = PBXGroup;
			children = (
				04611BDD25BE3F4800D7EA6A /* Resnet50.mlmodel */,
				04611BC825BE33E900D7EA6A /* AppDelegate.swift */,
				04611BCA25BE33E900D7EA6A /* SceneDelegate.swift */,
				04611BCC25BE33E900D7EA6A /* ViewController.swift */,
				04611BCE25BE33E900D7EA6A /* Main.storyboard */,
				04611BD125BE33EE00D7EA6A /* Assets.xcassets */,
				04611BD325BE33EE00D7EA6A /* LaunchScreen.storyboard */,
				04611BD625BE33EE00D7EA6A /* Info.plist */,
			);
			path = PhotoDetector;
			sourceTree = "<group>";
		};
/* End PBXGroup section */

/* Begin PBXNativeTarget section */
		04611BC425BE33E900D7EA6A /* PhotoDetector */ = {
			isa = PBXNativeTarget;
			buildConfigurationList = 04611BD925BE33EE00D7EA6A /* Build configuration list for PBXNativeTarget "PhotoDetector" */;
			buildPhases = (
				04611BC125BE33E900D7EA6A /* Sources */,
				04611BC225BE33E900D7EA6A /* Frameworks */,
				04611BC325BE33E900D7EA6A /* Resources */,
			);
			buildRules = (
			);
			dependencies = (
			);
			name = PhotoDetector;
			productName = PhotoDetector;
			productReference = 04611BC525BE33E900D7EA6A /* PhotoDetector.app */;
			productType = "com.apple.product-type.application";
		};
/* End PBXNativeTarget section */

/* Begin PBXProject section */
		04611BBD25BE33E900D7EA6A /* Project object */ = {
			isa = PBXProject;
			attributes = {
				LastSwiftUpdateCheck = 1230;
				LastUpgradeCheck = 1230;
				TargetAttributes = {
					04611BC425BE33E900D7EA6A = {
						CreatedOnToolsVersion = 12.3;
					};
				};
			};
			buildConfigurationList = 04611BC025BE33E900D7EA6A /* Build configuration list for PBXProject "PhotoDetector" */;
			compatibilityVersion = "Xcode 9.3";
			developmentRegion = en;
			hasScannedForEncodings = 0;
			knownRegions = (
				en,
				Base,
			);
			mainGroup = 04611BBC25BE33E900D7EA6A;
			productRefGroup = 04611BC625BE33E900D7EA6A /* Products */;
			projectDirPath = "";
			projectRoot = "";
			targets = (
				04611BC425BE33E900D7EA6A /* PhotoDetector */,
			);
		};
/* End PBXProject section */

/* Begin PBXResourcesBuildPhase section */
		04611BC325BE33E900D7EA6A /* Resources */ = {
			isa = PBXResourcesBuildPhase;
			buildActionMask = 2147483647;
			files = (
				04611BD525BE33EE00D7EA6A /* LaunchScreen.storyboard in Resources */,
				04611BD225BE33EE00D7EA6A /* Assets.xcassets in Resources */,
				04611BD025BE33E900D7EA6A /* Main.storyboard in Resources */,
			);
			runOnlyForDeploymentPostprocessing = 0;
		};
/* End PBXResourcesBuildPhase section */

/* Begin PBXSourcesBuildPhase section */
		04611BC125BE33E900D7EA6A /* Sources */ = {
			isa = PBXSourcesBuildPhase;
			buildActionMask = 2147483647;
			files = (
				04611BCD25BE33E900D7EA6A /* ViewController.swift in Sources */,
				04611BC925BE33E900D7EA6A /* AppDelegate.swift in Sources */,
				04611BDE25BE3F4800D7EA6A /* Resnet50.mlmodel in Sources */,
				04611BCB25BE33E900D7EA6A /* SceneDelegate.swift in Sources */,
			);
			runOnlyForDeploymentPostprocessing = 0;
		};
/* End PBXSourcesBuildPhase section */

/* Begin PBXVariantGroup section */
		04611BCE25BE33E900D7EA6A /* Main.storyboard */ = {
			isa = PBXVariantGroup;
			children = (
				04611BCF25BE33E900D7EA6A /* Base */,
			);
			name = Main.storyboard;
			sourceTree = "<group>";
		};
		04611BD325BE33EE00D7EA6A /* LaunchScreen.storyboard */ = {
			isa = PBXVariantGroup;
			children = (
				04611BD425BE33EE00D7EA6A /* Base */,
			);
			name = LaunchScreen.storyboard;
			sourceTree = "<group>";
		};
/* End PBXVariantGroup section */

/* Begin XCBuildConfiguration section */
		04611BD725BE33EE00D7EA6A /* Debug */ = {
			isa = XCBuildConfiguration;
			buildSettings = {
				ALWAYS_SEARCH_USER_PATHS = NO;
				CLANG_ANALYZER_NONNULL = YES;
				CLANG_ANALYZER_NUMBER_OBJECT_CONVERSION = YES_AGGRESSIVE;
				CLANG_CXX_LANGUAGE_STANDARD = "gnu++14";
				CLANG_CXX_LIBRARY = "libc++";
				CLANG_ENABLE_MODULES = YES;
				CLANG_ENABLE_OBJC_ARC = YES;
				CLANG_ENABLE_OBJC_WEAK = YES;
				CLANG_WARN_BLOCK_CAPTURE_AUTORELEASING = YES;
				CLANG_WARN_BOOL_CONVERSION = YES;
				CLANG_WARN_COMMA = YES;
				CLANG_WARN_CONSTANT_CONVERSION = YES;
				CLANG_WARN_DEPRECATED_OBJC_IMPLEMENTATIONS = YES;
				CLANG_WARN_DIRECT_OBJC_ISA_USAGE = YES_ERROR;
				CLANG_WARN_DOCUMENTATION_COMMENTS = YES;
				CLANG_WARN_EMPTY_BODY = YES;
				CLANG_WARN_ENUM_CONVERSION = YES;
				CLANG_WARN_INFINITE_RECURSION = YES;
				CLANG_WARN_INT_CONVERSION = YES;
				CLANG_WARN_NON_LITERAL_NULL_CONVERSION = YES;
				CLANG_WARN_OBJC_IMPLICIT_RETAIN_SELF = YES;
				CLANG_WARN_OBJC_LITERAL_CONVERSION = YES;
				CLANG_WARN_OBJC_ROOT_CLASS = YES_ERROR;
				CLANG_WARN_QUOTED_INCLUDE_IN_FRAMEWORK_HEADER = YES;
				CLANG_WARN_RANGE_LOOP_ANALYSIS = YES;
				CLANG_WARN_STRICT_PROTOTYPES = YES;
				CLANG_WARN_SUSPICIOUS_MOVE = YES;
				CLANG_WARN_UNGUARDED_AVAILABILITY = YES_AGGRESSIVE;
				CLANG_WARN_UNREACHABLE_CODE = YES;
				CLANG_WARN__DUPLICATE_METHOD_MATCH = YES;
				COPY_PHASE_STRIP = NO;
				DEBUG_INFORMATION_FORMAT = dwarf;
				ENABLE_STRICT_OBJC_MSGSEND = YES;
				ENABLE_TESTABILITY = YES;
				GCC_C_LANGUAGE_STANDARD = gnu11;
				GCC_DYNAMIC_NO_PIC = NO;
				GCC_NO_COMMON_BLOCKS = YES;
				GCC_OPTIMIZATION_LEVEL = 0;
				GCC_PREPROCESSOR_DEFINITIONS = (
					"DEBUG=1",
					"$(inherited)",
				);
				GCC_WARN_64_TO_32_BIT_CONVERSION = YES;
				GCC_WARN_ABOUT_RETURN_TYPE = YES_ERROR;
				GCC_WARN_UNDECLARED_SELECTOR = YES;
				GCC_WARN_UNINITIALIZED_AUTOS = YES_AGGRESSIVE;
				GCC_WARN_UNUSED_FUNCTION = YES;
				GCC_WARN_UNUSED_VARIABLE = YES;
				IPHONEOS_DEPLOYMENT_TARGET = 14.3;
				MTL_ENABLE_DEBUG_INFO = INCLUDE_SOURCE;
				MTL_FAST_MATH = YES;
				ONLY_ACTIVE_ARCH = YES;
				SDKROOT = iphoneos;
				SWIFT_ACTIVE_COMPILATION_CONDITIONS = DEBUG;
				SWIFT_OPTIMIZATION_LEVEL = "-Onone";
			};
			name = Debug;
		};
		04611BD825BE33EE00D7EA6A /* Release */ = {
			isa = XCBuildConfiguration;
			buildSettings = {
				ALWAYS_SEARCH_USER_PATHS = NO;
				CLANG_ANALYZER_NONNULL = YES;
				CLANG_ANALYZER_NUMBER_OBJECT_CONVERSION = YES_AGGRESSIVE;
				CLANG_CXX_LANGUAGE_STANDARD = "gnu++14";
				CLANG_CXX_LIBRARY = "libc++";
				CLANG_ENABLE_MODULES = YES;
				CLANG_ENABLE_OBJC_ARC = YES;
				CLANG_ENABLE_OBJC_WEAK = YES;
				CLANG_WARN_BLOCK_CAPTURE_AUTORELEASING = YES;
				CLANG_WARN_BOOL_CONVERSION = YES;
				CLANG_WARN_COMMA = YES;
				CLANG_WARN_CONSTANT_CONVERSION = YES;
				CLANG_WARN_DEPRECATED_OBJC_IMPLEMENTATIONS = YES;
				CLANG_WARN_DIRECT_OBJC_ISA_USAGE = YES_ERROR;
				CLANG_WARN_DOCUMENTATION_COMMENTS = YES;
				CLANG_WARN_EMPTY_BODY = YES;
				CLANG_WARN_ENUM_CONVERSION = YES;
				CLANG_WARN_INFINITE_RECURSION = YES;
				CLANG_WARN_INT_CONVERSION = YES;
				CLANG_WARN_NON_LITERAL_NULL_CONVERSION = YES;
				CLANG_WARN_OBJC_IMPLICIT_RETAIN_SELF = YES;
				CLANG_WARN_OBJC_LITERAL_CONVERSION = YES;
				CLANG_WARN_OBJC_ROOT_CLASS = YES_ERROR;
				CLANG_WARN_QUOTED_INCLUDE_IN_FRAMEWORK_HEADER = YES;
				CLANG_WARN_RANGE_LOOP_ANALYSIS = YES;
				CLANG_WARN_STRICT_PROTOTYPES = YES;
				CLANG_WARN_SUSPICIOUS_MOVE = YES;
				CLANG_WARN_UNGUARDED_AVAILABILITY = YES_AGGRESSIVE;
				CLANG_WARN_UNREACHABLE_CODE = YES;
				CLANG_WARN__DUPLICATE_METHOD_MATCH = YES;
				COPY_PHASE_STRIP = NO;
				DEBUG_INFORMATION_FORMAT = "dwarf-with-dsym";
				ENABLE_NS_ASSERTIONS = NO;
				ENABLE_STRICT_OBJC_MSGSEND = YES;
				GCC_C_LANGUAGE_STANDARD = gnu11;
				GCC_NO_COMMON_BLOCKS = YES;
				GCC_WARN_64_TO_32_BIT_CONVERSION = YES;
				GCC_WARN_ABOUT_RETURN_TYPE = YES_ERROR;
				GCC_WARN_UNDECLARED_SELECTOR = YES;
				GCC_WARN_UNINITIALIZED_AUTOS = YES_AGGRESSIVE;
				GCC_WARN_UNUSED_FUNCTION = YES;
				GCC_WARN_UNUSED_VARIABLE = YES;
				IPHONEOS_DEPLOYMENT_TARGET = 14.3;
				MTL_ENABLE_DEBUG_INFO = NO;
				MTL_FAST_MATH = YES;
				SDKROOT = iphoneos;
				SWIFT_COMPILATION_MODE = wholemodule;
				SWIFT_OPTIMIZATION_LEVEL = "-O";
				VALIDATE_PRODUCT = YES;
			};
			name = Release;
		};
		04611BDA25BE33EE00D7EA6A /* Debug */ = {
			isa = XCBuildConfiguration;
			buildSettings = {
				ASSETCATALOG_COMPILER_APPICON_NAME = AppIcon;
				ASSETCATALOG_COMPILER_GLOBAL_ACCENT_COLOR_NAME = AccentColor;
				CODE_SIGN_STYLE = Automatic;
				INFOPLIST_FILE = PhotoDetector/Info.plist;
				LD_RUNPATH_SEARCH_PATHS = (
					"$(inherited)",
					"@executable_path/Frameworks",
				);
				PRODUCT_BUNDLE_IDENTIFIER = anmol.PhotoDetector;
				PRODUCT_NAME = "$(TARGET_NAME)";
				SWIFT_VERSION = 5.0;
				TARGETED_DEVICE_FAMILY = "1,2";
			};
			name = Debug;
		};
		04611BDB25BE33EE00D7EA6A /* Release */ = {
			isa = XCBuildConfiguration;
			buildSettings = {
				ASSETCATALOG_COMPILER_APPICON_NAME = AppIcon;
				ASSETCATALOG_COMPILER_GLOBAL_ACCENT_COLOR_NAME = AccentColor;
				CODE_SIGN_STYLE = Automatic;
				INFOPLIST_FILE = PhotoDetector/Info.plist;
				LD_RUNPATH_SEARCH_PATHS = (
					"$(inherited)",
					"@executable_path/Frameworks",
				);
				PRODUCT_BUNDLE_IDENTIFIER = anmol.PhotoDetector;
				PRODUCT_NAME = "$(TARGET_NAME)";
				SWIFT_VERSION = 5.0;
				TARGETED_DEVICE_FAMILY = "1,2";
			};
			name = Release;
		};
/* End XCBuildConfiguration section */

/* Begin XCConfigurationList section */
		04611BC025BE33E900D7EA6A /* Build configuration list for PBXProject "PhotoDetector" */ = {
			isa = XCConfigurationList;
			buildConfigurations = (
				04611BD725BE33EE00D7EA6A /* Debug */,
				04611BD825BE33EE00D7EA6A /* Release */,
			);
			defaultConfigurationIsVisible = 0;
			defaultConfigurationName = Release;
		};
		04611BD925BE33EE00D7EA6A /* Build configuration list for PBXNativeTarget "PhotoDetector" */ = {
			isa = XCConfigurationList;
			buildConfigurations = (
				04611BDA25BE33EE00D7EA6A /* Debug */,
				04611BDB25BE33EE00D7EA6A /* Release */,
			);
			defaultConfigurationIsVisible = 0;
			defaultConfigurationName = Release;
		};
/* End XCConfigurationList section */
	};
	rootObject = 04611BBD25BE33E900D7EA6A /* Project object */;
}
